{
  "name": "angular2-full-stack",
  "version": "4.0.0",
  "lockfileVersion": 1,
  "requires": true,
  "dependencies": {
    "@angularclass/hmr": {
      "version": "2.1.3",
      "resolved": "https://registry.npmjs.org/@angularclass/hmr/-/hmr-2.1.3.tgz",
      "integrity": "sha1-NOZY7T2jfyOwogDi2lqJvpK7IJ8="
    },
    "@types/body-parser": {
      "version": "1.16.8",
      "resolved": "https://registry.npmjs.org/@types/body-parser/-/body-parser-1.16.8.tgz",
      "integrity": "sha512-BdN2PXxOFnTXFcyONPW6t0fHjz2fvRZHVMFpaS0wYr+Y8fWEaNOs4V8LEu/fpzQlMx+ahdndgTaGTwPC+J/EeA==",
      "dev": true,
      "requires": {
        "@types/express": "4.11.0",
        "@types/node": "8.0.28"
      }
    },
    "@types/bson": {
      "version": "1.0.6",
      "resolved": "https://registry.npmjs.org/@types/bson/-/bson-1.0.6.tgz",
      "integrity": "sha512-v7N8qcTGiYhLRyi+Y69R3tPC4GLqByCg3NC2EO6PciC166O9dNhjFPoXeMePtZ+0f+/O2xLDWXs5BLnRfcBaBA==",
      "dev": true,
      "requires": {
        "@types/node": "8.0.28"
      }
    },
    "@types/events": {
      "version": "1.1.0",
      "resolved": "https://registry.npmjs.org/@types/events/-/events-1.1.0.tgz",
      "integrity": "sha512-y3bR98mzYOo0pAZuiLari+cQyiKk3UXRuT45h1RjhfeCzqkjaVsfZJNaxdgtk7/3tzOm1ozLTqEqMP3VbI48jw==",
      "dev": true
    },
    "@types/express": {
      "version": "4.11.0",
      "resolved": "https://registry.npmjs.org/@types/express/-/express-4.11.0.tgz",
      "integrity": "sha512-N1Wdp3v4KmdO3W/CM7KXrDwM4xcVZjlHF2dAOs7sNrTUX8PY3G4n9NkaHlfjGFEfgFeHmRRjywoBd4VkujDs9w==",
      "dev": true,
      "requires": {
        "@types/body-parser": "1.16.8",
        "@types/express-serve-static-core": "4.11.0",
        "@types/serve-static": "1.13.1"
      }
    },
    "@types/express-serve-static-core": {
      "version": "4.11.0",
      "resolved": "https://registry.npmjs.org/@types/express-serve-static-core/-/express-serve-static-core-4.11.0.tgz",
      "integrity": "sha512-hOi1QNb+4G+UjDt6CEJ6MjXHy+XceY7AxIa28U9HgJ80C+3gIbj7h5dJNxOI7PU3DO1LIhGP5Bs47Dbf5l8+MA==",
      "dev": true,
      "requires": {
        "@types/node": "8.0.28"
      }
    },
    "@types/jasmine": {
      "version": "2.5.54",
      "resolved": "https://registry.npmjs.org/@types/jasmine/-/jasmine-2.5.54.tgz",
      "integrity": "sha512-B9YofFbUljs19g5gBKUYeLIulsh31U5AK70F41BImQRHEZQGm4GcN922UvnYwkduMqbC/NH+9fruWa/zrqvHIg==",
      "dev": true
    },
    "@types/jasminewd2": {
      "version": "2.0.3",
      "resolved": "https://registry.npmjs.org/@types/jasminewd2/-/jasminewd2-2.0.3.tgz",
      "integrity": "sha512-hYDVmQZT5VA2kigd4H4bv7vl/OhlympwREUemqBdOqtrYTo5Ytm12a5W5/nGgGYdanGVxj0x/VhZ7J3hOg/YKg==",
      "dev": true,
      "requires": {
        "@types/jasmine": "2.5.54"
      }
    },
    "@types/mime": {
      "version": "2.0.0",
      "resolved": "https://registry.npmjs.org/@types/mime/-/mime-2.0.0.tgz",
      "integrity": "sha512-A2TAGbTFdBw9azHbpVd+/FkdW2T6msN1uct1O9bH3vTerEHKZhTXJUQXy+hNq1B0RagfU8U+KBdqiZpxjhOUQA==",
      "dev": true
    },
    "@types/mongodb": {
      "version": "3.0.1",
      "resolved": "https://registry.npmjs.org/@types/mongodb/-/mongodb-3.0.1.tgz",
      "integrity": "sha512-1YvIPkVNt7rP/WqXD6OK33ponQ+mgiOUI96RZ8fEVBRD/X1SLYJcBtXOoliyP07Rf/5litqUnISHPi+iLIBLjw==",
      "dev": true,
      "requires": {
        "@types/bson": "1.0.6",
        "@types/events": "1.1.0",
        "@types/node": "8.0.28"
      }
    },
    "@types/mongoose": {
      "version": "4.7.32",
      "resolved": "https://registry.npmjs.org/@types/mongoose/-/mongoose-4.7.32.tgz",
      "integrity": "sha512-vRSho+jDu+5OY/C2jevXj/8FU1aFGD5/XB8w+/baXNthL5P7BwID7r9V8OounR9Vm+fhQMMnFYkTXhIBiA9JSw==",
      "dev": true,
      "requires": {
        "@types/events": "1.1.0",
        "@types/mongodb": "3.0.1",
        "@types/node": "8.0.28"
      }
    },
    "@types/morgan": {
      "version": "1.7.35",
      "resolved": "https://registry.npmjs.org/@types/morgan/-/morgan-1.7.35.tgz",
      "integrity": "sha512-E9qFi0seOkdlQnCTPv54brNfGWeFdRaEhI5tSue4pdx/V+xfxvMETsxXhOEcj1cYL+0n/jcTEmj/jD2gjzCwMg==",
      "dev": true,
      "requires": {
        "@types/express": "4.11.0"
      }
    },
    "@types/node": {
      "version": "8.0.28",
      "resolved": "https://registry.npmjs.org/@types/node/-/node-8.0.28.tgz",
      "integrity": "sha512-HupkFXEv3O3KSzcr3Ylfajg0kaerBg1DyaZzRBBQfrU3NN1mTBRE7sCveqHwXLS5Yrjvww8qFzkzYQQakG9FuQ==",
      "dev": true
    },
    "@types/serve-static": {
      "version": "1.13.1",
      "resolved": "https://registry.npmjs.org/@types/serve-static/-/serve-static-1.13.1.tgz",
      "integrity": "sha512-jDMH+3BQPtvqZVIcsH700Dfi8Q3MIcEx16g/VdxjoqiGR/NntekB10xdBpirMKnPe9z2C5cBmL0vte0YttOr3Q==",
      "dev": true,
      "requires": {
        "@types/express-serve-static-core": "4.11.0",
        "@types/mime": "2.0.0"
      }
    },
    "angular2-jwt": {
      "version": "0.2.3",
      "resolved": "https://registry.npmjs.org/angular2-jwt/-/angular2-jwt-0.2.3.tgz",
      "integrity": "sha1-VO/do87tuoX2o3sWXyKsIrit8CE="
    },
    "any-promise": {
      "version": "0.1.0",
      "resolved": "https://registry.npmjs.org/any-promise/-/any-promise-0.1.0.tgz",
      "integrity": "sha1-gwtoCqflbzNFHUsEnzvYBESY7ic="
    },
    "bcryptjs": {
      "version": "2.4.3",
      "resolved": "https://registry.npmjs.org/bcryptjs/-/bcryptjs-2.4.3.tgz",
      "integrity": "sha1-mrVie5PmBiH/fNrF2pczAn3x0Ms="
    },
    "bootstrap": {
      "version": "4.0.0-alpha.5",
      "resolved": "https://registry.npmjs.org/bootstrap/-/bootstrap-4.0.0-alpha.5.tgz",
      "integrity": "sha1-oSa2SMO9L1K4+tS7xeLQrSq/cGQ=",
      "requires": {
        "jquery": "3.2.1",
        "tether": "1.4.0"
      }
    },
    "cache-manager-fs": {
      "version": "1.0.6",
      "resolved": "https://registry.npmjs.org/cache-manager-fs/-/cache-manager-fs-1.0.6.tgz",
      "integrity": "sha1-e1I6VXUfVIotuW8Z3Q02Uc/J5SM=",
      "requires": {
        "async": "1.5.2",
        "cache-manager": "1.5.0",
        "extend": "3.0.1",
        "fs-promise": "0.3.1",
        "uuid": "2.0.3"
      },
      "dependencies": {
        "async": {
          "version": "1.5.2",
          "resolved": "https://registry.npmjs.org/async/-/async-1.5.2.tgz",
          "integrity": "sha1-7GphrlZIDAw8skHJVhjiCJL5Zyo="
        },
        "cache-manager": {
          "version": "1.5.0",
          "resolved": "https://registry.npmjs.org/cache-manager/-/cache-manager-1.5.0.tgz",
          "integrity": "sha1-UpIUvaV/oZUU0QbwcPq7FsMZCBE=",
          "requires": {
            "async": "1.5.2",
            "lru-cache": "4.0.0"
          }
        },
        "lru-cache": {
          "version": "4.0.0",
          "resolved": "https://registry.npmjs.org/lru-cache/-/lru-cache-4.0.0.tgz",
          "integrity": "sha1-tcvwFVbBaWb+vlTO7A+03JDfbCg=",
          "requires": {
            "pseudomap": "1.0.2",
            "yallist": "2.1.2"
          }
        },
        "uuid": {
          "version": "2.0.3",
          "resolved": "https://registry.npmjs.org/uuid/-/uuid-2.0.3.tgz",
          "integrity": "sha1-Z+LoY3lyFVMN/zGOW/nc6/1Hsho="
        }
      }
    },
    "cache-manager-memory-store": {
      "version": "1.1.0",
      "resolved": "https://registry.npmjs.org/cache-manager-memory-store/-/cache-manager-memory-store-1.1.0.tgz",
      "integrity": "sha1-pntO5cHeNWK0Q3R4NanM5yH90AE="
    },
    "colors": {
      "version": "1.1.2",
      "resolved": "https://registry.npmjs.org/colors/-/colors-1.1.2.tgz",
      "integrity": "sha1-FopHAXVran9RoSzgyXv6KMCE7WM=",
      "dev": true
    },
    "dotenv": {
      "version": "4.0.0",
      "resolved": "https://registry.npmjs.org/dotenv/-/dotenv-4.0.0.tgz",
      "integrity": "sha1-hk7xN5rO1Vzm+V3r7NzhefegzR0="
    },
    "extend": {
      "version": "3.0.1",
      "resolved": "https://registry.npmjs.org/extend/-/extend-3.0.1.tgz",
      "integrity": "sha1-p1Xqe8Gt/MWjHOfnYtuq3F5jZEQ="
    },
    "font-awesome": {
      "version": "4.7.0",
      "resolved": "https://registry.npmjs.org/font-awesome/-/font-awesome-4.7.0.tgz",
      "integrity": "sha1-j6jPBBGhoxr9B7BtKQK7n8gVoTM="
    },
    "fs-access": {
      "version": "1.0.1",
      "resolved": "https://registry.npmjs.org/fs-access/-/fs-access-1.0.1.tgz",
      "integrity": "sha1-1qh/JiJxzv6+wwxVNAf7mV2od3o=",
      "dev": true,
      "requires": {
        "null-check": "1.0.0"
      }
    },
    "fs-promise": {
      "version": "0.3.1",
      "resolved": "https://registry.npmjs.org/fs-promise/-/fs-promise-0.3.1.tgz",
      "integrity": "sha1-vzQFA2jyTW3J38ZoirXOrY+GhCo=",
      "requires": {
        "any-promise": "0.1.0"
      }
    },
    "isexe": {
      "version": "2.0.0",
      "resolved": "https://registry.npmjs.org/isexe/-/isexe-2.0.0.tgz",
      "integrity": "sha1-6PvzdNxVb/iUehDcsFctYz8s+hA=",
      "dev": true
    },
    "jasmine-core": {
      "version": "2.8.0",
      "resolved": "https://registry.npmjs.org/jasmine-core/-/jasmine-core-2.8.0.tgz",
      "integrity": "sha1-vMl5rh+f0FcB5F5S5l06XWPxok4=",
      "dev": true
    },
    "jasmine-spec-reporter": {
      "version": "4.2.1",
      "resolved": "https://registry.npmjs.org/jasmine-spec-reporter/-/jasmine-spec-reporter-4.2.1.tgz",
      "integrity": "sha512-FZBoZu7VE5nR7Nilzy+Np8KuVIOxF4oXDPDknehCYBDE080EnlPu0afdZNmpGDBRCUBv3mj5qgqCRmk6W/K8vg==",
      "dev": true,
      "requires": {
        "colors": "1.1.2"
      }
    },
    "jquery": {
      "version": "3.2.1",
      "resolved": "https://registry.npmjs.org/jquery/-/jquery-3.2.1.tgz",
      "integrity": "sha1-XE2d5lKvbNCncBVKYxu6ErAVx4c="
    },
    "karma-chrome-launcher": {
      "version": "2.2.0",
      "resolved": "https://registry.npmjs.org/karma-chrome-launcher/-/karma-chrome-launcher-2.2.0.tgz",
      "integrity": "sha512-uf/ZVpAabDBPvdPdveyk1EPgbnloPvFFGgmRhYLTDH7gEB4nZdSBk8yTU47w1g/drLSx5uMOkjKk7IWKfWg/+w==",
      "dev": true,
      "requires": {
        "fs-access": "1.0.1",
        "which": "1.3.0"
      }
    },
    "karma-cli": {
      "version": "1.0.1",
      "resolved": "https://registry.npmjs.org/karma-cli/-/karma-cli-1.0.1.tgz",
      "integrity": "sha1-rmw8WKMTodALRRZMRVubhs4X+WA=",
      "dev": true,
      "requires": {
        "resolve": "1.4.0"
      }
    },
    "karma-jasmine": {
      "version": "1.1.0",
      "resolved": "https://registry.npmjs.org/karma-jasmine/-/karma-jasmine-1.1.0.tgz",
      "integrity": "sha1-IuTAa/mhguUpTR9wXjczgRuBCs8=",
      "dev": true
    },
    "karma-jasmine-html-reporter": {
      "version": "0.2.2",
      "resolved": "https://registry.npmjs.org/karma-jasmine-html-reporter/-/karma-jasmine-html-reporter-0.2.2.tgz",
      "integrity": "sha1-SKjl7xiAdhfuK14zwRlMNbQ5Ukw=",
      "dev": true,
      "requires": {
        "karma-jasmine": "1.1.0"
      }
    },
    "lodash": {
      "version": "4.17.4",
      "resolved": "https://registry.npmjs.org/lodash/-/lodash-4.17.4.tgz",
      "integrity": "sha1-eCA6TRwyiuHYbcpkYONptX9AVa4="
    },
    "nan": {
      "version": "2.7.0",
      "resolved": "https://registry.npmjs.org/nan/-/nan-2.7.0.tgz",
      "integrity": "sha1-2Vv3IeyHfgjbJ27T/G63j5CDrUY="
    },
    "null-check": {
      "version": "1.0.0",
      "resolved": "https://registry.npmjs.org/null-check/-/null-check-1.0.0.tgz",
      "integrity": "sha1-l33/1xdgErnsMNKjnbXPcqBDnt0=",
      "dev": true
    },
    "path-parse": {
      "version": "1.0.5",
      "resolved": "https://registry.npmjs.org/path-parse/-/path-parse-1.0.5.tgz",
      "integrity": "sha1-PBrfhx6pzWyUMbbqK9dKD/BVxME=",
      "dev": true
    },
    "pseudomap": {
      "version": "1.0.2",
      "resolved": "https://registry.npmjs.org/pseudomap/-/pseudomap-1.0.2.tgz",
      "integrity": "sha1-8FKijacOYYkX7wqKw0wa5aaChrM="
    },
    "qs": {
      "version": "6.5.1",
      "resolved": "https://registry.npmjs.org/qs/-/qs-6.5.1.tgz",
      "integrity": "sha512-eRzhrN1WSINYCDCbrz796z37LOe3m5tmW7RQf6oBntukAG1nmovJvhnwHHRMAfeoItc1m2Hk02WER2aQ/iqs+A=="
    },
    "resolve": {
      "version": "1.4.0",
      "resolved": "https://registry.npmjs.org/resolve/-/resolve-1.4.0.tgz",
      "integrity": "sha512-aW7sVKPufyHqOmyyLzg/J+8606v5nevBgaliIlV7nUpVMsDnoBGV/cbSLNjZAg9q0Cfd/+easKVKQ8vOu8fn1Q==",
      "dev": true,
      "requires": {
        "path-parse": "1.0.5"
      }
    },
    "sleep": {
      "version": "5.1.1",
      "resolved": "https://registry.npmjs.org/sleep/-/sleep-5.1.1.tgz",
      "integrity": "sha1-h4+h1E0I7rDyb7IBjvhinrGjq5Q=",
      "requires": {
        "nan": "2.7.0"
      }
    },
    "tether": {
      "version": "1.4.0",
      "resolved": "https://registry.npmjs.org/tether/-/tether-1.4.0.tgz",
      "integrity": "sha1-D5+hcfdb9YSF2BSelHmdeudNHBo="
    },
    "which": {
      "version": "1.3.0",
      "resolved": "https://registry.npmjs.org/which/-/which-1.3.0.tgz",
      "integrity": "sha512-xcJpopdamTuY5duC/KnTTNBraPK54YwpenP4lzxU8H91GudWpFv38u0CKjclE1Wi2EH2EDz5LRcHcKbCIzqGyg==",
      "dev": true,
      "requires": {
        "isexe": "2.0.0"
      }
    },
    "yallist": {
      "version": "2.1.2",
      "resolved": "https://registry.npmjs.org/yallist/-/yallist-2.1.2.tgz",
      "integrity": "sha1-HBH5IY8HYImkfdUS+TxmmaaoHVI="
    }
  }
}
